
Microsoft Visual Studio Solution File, Format Version 12.00
# Visual Studio 15
VisualStudioVersion = 15.0.28010.2016
MinimumVisualStudioVersion = 10.0.40219.1
Project("{FAE04EC0-301F-11D3-BF4B-00C04F79EFBC}") = "6-1BusquedaSecuencial", "6-1BusquedaSecuencial\6-1BusquedaSecuencial.csproj", "{CF930016-5FEA-47FA-899F-3100DFD37910}"
EndProject
Global
	GlobalSection(SolutionConfigurationPlatforms) = preSolution
		Debug|Any CPU = Debug|Any CPU
		Release|Any CPU = Release|Any CPU
	EndGlobalSection
	GlobalSection(ProjectConfigurationPlatforms) = postSolution
		{CF930016-5FEA-47FA-899F-3100DFD37910}.Debug|Any CPU.ActiveCfg = Debug|Any CPU
		{CF930016-5FEA-47FA-899F-3100DFD37910}.Debug|Any CPU.Build.0 = Debug|Any CPU
		{CF930016-5FEA-47FA-899F-3100DFD37910}.Release|Any CPU.ActiveCfg = Release|Any CPU
		{CF930016-5FEA-47FA-899F-3100DFD37910}.Release|Any CPU.Build.0 = Release|Any CPU
	EndGlobalSection
	GlobalSection(SolutionProperties) = preSolution
		HideSolutionNode = FALSE
	EndGlobalSection
	GlobalSection(ExtensibilityGlobals) = postSolution
		SolutionGuid = {9B77F035-BB9E-49A7-8F51-BABA39640F88}
	EndGlobalSection
EndGlobal
