
Microsoft Visual Studio Solution File, Format Version 12.00
# Visual Studio 15
VisualStudioVersion = 15.0.28010.2016
MinimumVisualStudioVersion = 10.0.40219.1
Project("{FAE04EC0-301F-11D3-BF4B-00C04F79EFBC}") = "6-2BusquedaBinariaB", "6-2BusquedaBinariaB\6-2BusquedaBinariaB.csproj", "{B990D9C8-824B-4F99-8CD5-344C1253E9F2}"
EndProject
Global
	GlobalSection(SolutionConfigurationPlatforms) = preSolution
		Debug|Any CPU = Debug|Any CPU
		Release|Any CPU = Release|Any CPU
	EndGlobalSection
	GlobalSection(ProjectConfigurationPlatforms) = postSolution
		{B990D9C8-824B-4F99-8CD5-344C1253E9F2}.Debug|Any CPU.ActiveCfg = Debug|Any CPU
		{B990D9C8-824B-4F99-8CD5-344C1253E9F2}.Debug|Any CPU.Build.0 = Debug|Any CPU
		{B990D9C8-824B-4F99-8CD5-344C1253E9F2}.Release|Any CPU.ActiveCfg = Release|Any CPU
		{B990D9C8-824B-4F99-8CD5-344C1253E9F2}.Release|Any CPU.Build.0 = Release|Any CPU
	EndGlobalSection
	GlobalSection(SolutionProperties) = preSolution
		HideSolutionNode = FALSE
	EndGlobalSection
	GlobalSection(ExtensibilityGlobals) = postSolution
		SolutionGuid = {82139BF0-4994-4E69-82E8-B82F1EE3458A}
	EndGlobalSection
EndGlobal
